
Microsoft Visual Studio Solution File, Format Version 12.00
# Visual Studio Version 17
VisualStudioVersion = 17.5.33414.496
MinimumVisualStudioVersion = 10.0.40219.1
Project("{8BC9CEB8-8B4A-11D0-8D11-00A0C91BC942}") = "lab4_1", "lab4_1\lab4_1.vcxproj", "{0DBB353C-35D5-4941-A61E-F5903B48D12A}"
EndProject
Project("{8BC9CEB8-8B4A-11D0-8D11-00A0C91BC942}") = "lab4_2", "lab4_2\lab4_2.vcxproj", "{20BE4134-19EA-4F3B-BBEE-47B726095ACD}"
EndProject
Project("{8BC9CEB8-8B4A-11D0-8D11-00A0C91BC942}") = "lab4_3", "lab4_3\lab4_3.vcxproj", "{8D2A6424-AEED-44F4-BF36-70409B9F272B}"
EndProject
Project("{8BC9CEB8-8B4A-11D0-8D11-00A0C91BC942}") = "lab4_4", "lab4_4\lab4_4.vcxproj", "{12E6E08E-3370-4530-B3E9-66CD5473938C}"
EndProject
Project("{8BC9CEB8-8B4A-11D0-8D11-00A0C91BC942}") = "lab4_5", "lab4_5\lab4_5.vcxproj", "{EA2B939F-7FE4-4C32-8842-4289FE78EA0B}"
EndProject
Project("{8BC9CEB8-8B4A-11D0-8D11-00A0C91BC942}") = "lab4_6", "lab4_6\lab4_6.vcxproj", "{F8559D75-3CA4-4BF4-B3A5-EF40D61B2612}"
EndProject
Project("{8BC9CEB8-8B4A-11D0-8D11-00A0C91BC942}") = "lab4_7", "lab4_7\lab4_7.vcxproj", "{6E2A3AC0-DD44-41D1-9CE1-1912DE33A35F}"
EndProject
Project("{8BC9CEB8-8B4A-11D0-8D11-00A0C91BC942}") = "lab4_8", "lab4_8\lab4_8.vcxproj", "{9C9D6C37-6B0B-408D-AC43-E9AE38985489}"
EndProject
Project("{8BC9CEB8-8B4A-11D0-8D11-00A0C91BC942}") = "lab4_9", "lab4_9\lab4_9.vcxproj", "{FF173729-7E8B-48BE-9362-F3FB3F6D8A3E}"
EndProject
Global
	GlobalSection(SolutionConfigurationPlatforms) = preSolution
		Debug|x64 = Debug|x64
		Debug|x86 = Debug|x86
		Release|x64 = Release|x64
		Release|x86 = Release|x86
	EndGlobalSection
	GlobalSection(ProjectConfigurationPlatforms) = postSolution
		{0DBB353C-35D5-4941-A61E-F5903B48D12A}.Debug|x64.ActiveCfg = Debug|x64
		{0DBB353C-35D5-4941-A61E-F5903B48D12A}.Debug|x64.Build.0 = Debug|x64
		{0DBB353C-35D5-4941-A61E-F5903B48D12A}.Debug|x86.ActiveCfg = Debug|Win32
		{0DBB353C-35D5-4941-A61E-F5903B48D12A}.Debug|x86.Build.0 = Debug|Win32
		{0DBB353C-35D5-4941-A61E-F5903B48D12A}.Release|x64.ActiveCfg = Release|x64
		{0DBB353C-35D5-4941-A61E-F5903B48D12A}.Release|x64.Build.0 = Release|x64
		{0DBB353C-35D5-4941-A61E-F5903B48D12A}.Release|x86.ActiveCfg = Release|Win32
		{0DBB353C-35D5-4941-A61E-F5903B48D12A}.Release|x86.Build.0 = Release|Win32
		{20BE4134-19EA-4F3B-BBEE-47B726095ACD}.Debug|x64.ActiveCfg = Debug|x64
		{20BE4134-19EA-4F3B-BBEE-47B726095ACD}.Debug|x64.Build.0 = Debug|x64
		{20BE4134-19EA-4F3B-BBEE-47B726095ACD}.Debug|x86.ActiveCfg = Debug|Win32
		{20BE4134-19EA-4F3B-BBEE-47B726095ACD}.Debug|x86.Build.0 = Debug|Win32
		{20BE4134-19EA-4F3B-BBEE-47B726095ACD}.Release|x64.ActiveCfg = Release|x64
		{20BE4134-19EA-4F3B-BBEE-47B726095ACD}.Release|x64.Build.0 = Release|x64
		{20BE4134-19EA-4F3B-BBEE-47B726095ACD}.Release|x86.ActiveCfg = Release|Win32
		{20BE4134-19EA-4F3B-BBEE-47B726095ACD}.Release|x86.Build.0 = Release|Win32
		{8D2A6424-AEED-44F4-BF36-70409B9F272B}.Debug|x64.ActiveCfg = Debug|x64
		{8D2A6424-AEED-44F4-BF36-70409B9F272B}.Debug|x64.Build.0 = Debug|x64
		{8D2A6424-AEED-44F4-BF36-70409B9F272B}.Debug|x86.ActiveCfg = Debug|Win32
		{8D2A6424-AEED-44F4-BF36-70409B9F272B}.Debug|x86.Build.0 = Debug|Win32
		{8D2A6424-AEED-44F4-BF36-70409B9F272B}.Release|x64.ActiveCfg = Release|x64
		{8D2A6424-AEED-44F4-BF36-70409B9F272B}.Release|x64.Build.0 = Release|x64
		{8D2A6424-AEED-44F4-BF36-70409B9F272B}.Release|x86.ActiveCfg = Release|Win32
		{8D2A6424-AEED-44F4-BF36-70409B9F272B}.Release|x86.Build.0 = Release|Win32
		{12E6E08E-3370-4530-B3E9-66CD5473938C}.Debug|x64.ActiveCfg = Debug|x64
		{12E6E08E-3370-4530-B3E9-66CD5473938C}.Debug|x64.Build.0 = Debug|x64
		{12E6E08E-3370-4530-B3E9-66CD5473938C}.Debug|x86.ActiveCfg = Debug|Win32
		{12E6E08E-3370-4530-B3E9-66CD5473938C}.Debug|x86.Build.0 = Debug|Win32
		{12E6E08E-3370-4530-B3E9-66CD5473938C}.Release|x64.ActiveCfg = Release|x64
		{12E6E08E-3370-4530-B3E9-66CD5473938C}.Release|x64.Build.0 = Release|x64
		{12E6E08E-3370-4530-B3E9-66CD5473938C}.Release|x86.ActiveCfg = Release|Win32
		{12E6E08E-3370-4530-B3E9-66CD5473938C}.Release|x86.Build.0 = Release|Win32
		{EA2B939F-7FE4-4C32-8842-4289FE78EA0B}.Debug|x64.ActiveCfg = Debug|x64
		{EA2B939F-7FE4-4C32-8842-4289FE78EA0B}.Debug|x64.Build.0 = Debug|x64
		{EA2B939F-7FE4-4C32-8842-4289FE78EA0B}.Debug|x86.ActiveCfg = Debug|Win32
		{EA2B939F-7FE4-4C32-8842-4289FE78EA0B}.Debug|x86.Build.0 = Debug|Win32
		{EA2B939F-7FE4-4C32-8842-4289FE78EA0B}.Release|x64.ActiveCfg = Release|x64
		{EA2B939F-7FE4-4C32-8842-4289FE78EA0B}.Release|x64.Build.0 = Release|x64
		{EA2B939F-7FE4-4C32-8842-4289FE78EA0B}.Release|x86.ActiveCfg = Release|Win32
		{EA2B939F-7FE4-4C32-8842-4289FE78EA0B}.Release|x86.Build.0 = Release|Win32
		{F8559D75-3CA4-4BF4-B3A5-EF40D61B2612}.Debug|x64.ActiveCfg = Debug|x64
		{F8559D75-3CA4-4BF4-B3A5-EF40D61B2612}.Debug|x64.Build.0 = Debug|x64
		{F8559D75-3CA4-4BF4-B3A5-EF40D61B2612}.Debug|x86.ActiveCfg = Debug|Win32
		{F8559D75-3CA4-4BF4-B3A5-EF40D61B2612}.Debug|x86.Build.0 = Debug|Win32
		{F8559D75-3CA4-4BF4-B3A5-EF40D61B2612}.Release|x64.ActiveCfg = Release|x64
		{F8559D75-3CA4-4BF4-B3A5-EF40D61B2612}.Release|x64.Build.0 = Release|x64
		{F8559D75-3CA4-4BF4-B3A5-EF40D61B2612}.Release|x86.ActiveCfg = Release|Win32
		{F8559D75-3CA4-4BF4-B3A5-EF40D61B2612}.Release|x86.Build.0 = Release|Win32
		{6E2A3AC0-DD44-41D1-9CE1-1912DE33A35F}.Debug|x64.ActiveCfg = Debug|x64
		{6E2A3AC0-DD44-41D1-9CE1-1912DE33A35F}.Debug|x64.Build.0 = Debug|x64
		{6E2A3AC0-DD44-41D1-9CE1-1912DE33A35F}.Debug|x86.ActiveCfg = Debug|Win32
		{6E2A3AC0-DD44-41D1-9CE1-1912DE33A35F}.Debug|x86.Build.0 = Debug|Win32
		{6E2A3AC0-DD44-41D1-9CE1-1912DE33A35F}.Release|x64.ActiveCfg = Release|x64
		{6E2A3AC0-DD44-41D1-9CE1-1912DE33A35F}.Release|x64.Build.0 = Release|x64
		{6E2A3AC0-DD44-41D1-9CE1-1912DE33A35F}.Release|x86.ActiveCfg = Release|Win32
		{6E2A3AC0-DD44-41D1-9CE1-1912DE33A35F}.Release|x86.Build.0 = Release|Win32
		{9C9D6C37-6B0B-408D-AC43-E9AE38985489}.Debug|x64.ActiveCfg = Debug|x64
		{9C9D6C37-6B0B-408D-AC43-E9AE38985489}.Debug|x64.Build.0 = Debug|x64
		{9C9D6C37-6B0B-408D-AC43-E9AE38985489}.Debug|x86.ActiveCfg = Debug|Win32
		{9C9D6C37-6B0B-408D-AC43-E9AE38985489}.Debug|x86.Build.0 = Debug|Win32
		{9C9D6C37-6B0B-408D-AC43-E9AE38985489}.Release|x64.ActiveCfg = Release|x64
		{9C9D6C37-6B0B-408D-AC43-E9AE38985489}.Release|x64.Build.0 = Release|x64
		{9C9D6C37-6B0B-408D-AC43-E9AE38985489}.Release|x86.ActiveCfg = Release|Win32
		{9C9D6C37-6B0B-408D-AC43-E9AE38985489}.Release|x86.Build.0 = Release|Win32
		{FF173729-7E8B-48BE-9362-F3FB3F6D8A3E}.Debug|x64.ActiveCfg = Debug|x64
		{FF173729-7E8B-48BE-9362-F3FB3F6D8A3E}.Debug|x64.Build.0 = Debug|x64
		{FF173729-7E8B-48BE-9362-F3FB3F6D8A3E}.Debug|x86.ActiveCfg = Debug|Win32
		{FF173729-7E8B-48BE-9362-F3FB3F6D8A3E}.Debug|x86.Build.0 = Debug|Win32
		{FF173729-7E8B-48BE-9362-F3FB3F6D8A3E}.Release|x64.ActiveCfg = Release|x64
		{FF173729-7E8B-48BE-9362-F3FB3F6D8A3E}.Release|x64.Build.0 = Release|x64
		{FF173729-7E8B-48BE-9362-F3FB3F6D8A3E}.Release|x86.ActiveCfg = Release|Win32
		{FF173729-7E8B-48BE-9362-F3FB3F6D8A3E}.Release|x86.Build.0 = Release|Win32
	EndGlobalSection
	GlobalSection(SolutionProperties) = preSolution
		HideSolutionNode = FALSE
	EndGlobalSection
	GlobalSection(ExtensibilityGlobals) = postSolution
		SolutionGuid = {EFED660B-D9D8-405D-A87D-2B453C606F0B}
	EndGlobalSection
EndGlobal
